
Microsoft Visual Studio Solution File, Format Version 12.00
# Visual Studio Version 17
VisualStudioVersion = 17.2.32616.157
MinimumVisualStudioVersion = 10.0.40219.1
Project("{8BC9CEB8-8B4A-11D0-8D11-00A0C91BC942}") = "Engine", "Engine\Engine.vcxproj", "{9AD20110-A067-4D39-A5C2-6D1456A669A4}"
EndProject
Project("{8BC9CEB8-8B4A-11D0-8D11-00A0C91BC942}") = "Application", "Application\Application.vcxproj", "{E6BB67AC-3A16-4B54-BCEE-1DBA2C724E22}"
EndProject
Global
	GlobalSection(SolutionConfigurationPlatforms) = preSolution
		Debug|x64 = Debug|x64
		Release|x64 = Release|x64
	EndGlobalSection
	GlobalSection(ProjectConfigurationPlatforms) = postSolution
		{9AD20110-A067-4D39-A5C2-6D1456A669A4}.Debug|x64.ActiveCfg = Debug|x64
		{9AD20110-A067-4D39-A5C2-6D1456A669A4}.Debug|x64.Build.0 = Debug|x64
		{9AD20110-A067-4D39-A5C2-6D1456A669A4}.Release|x64.ActiveCfg = Release|x64
		{9AD20110-A067-4D39-A5C2-6D1456A669A4}.Release|x64.Build.0 = Release|x64
		{E6BB67AC-3A16-4B54-BCEE-1DBA2C724E22}.Debug|x64.ActiveCfg = Debug|x64
		{E6BB67AC-3A16-4B54-BCEE-1DBA2C724E22}.Debug|x64.Build.0 = Debug|x64
		{E6BB67AC-3A16-4B54-BCEE-1DBA2C724E22}.Release|x64.ActiveCfg = Release|x64
		{E6BB67AC-3A16-4B54-BCEE-1DBA2C724E22}.Release|x64.Build.0 = Release|x64
	EndGlobalSection
	GlobalSection(SolutionProperties) = preSolution
		HideSolutionNode = FALSE
	EndGlobalSection
	GlobalSection(ExtensibilityGlobals) = postSolution
		SolutionGuid = {5E08836A-6A82-433C-AB5D-B7A2C199CB92}
	EndGlobalSection
EndGlobal
